
Microsoft Visual Studio Solution File, Format Version 12.00
# Visual Studio Version 16
VisualStudioVersion = 16.0.30204.135
MinimumVisualStudioVersion = 10.0.40219.1
Project("{9A19103F-16F7-4668-BE54-9A1E7A4F7556}") = "Mediator", "Mediator\Mediator.csproj", "{9104560E-117B-464C-824B-54A3B8B94C63}"
EndProject
Project("{9A19103F-16F7-4668-BE54-9A1E7A4F7556}") = "Strategy", "Strategy\Strategy.csproj", "{02259CE4-95DB-4CF2-97AD-0BC13804DC5E}"
EndProject
Project("{9A19103F-16F7-4668-BE54-9A1E7A4F7556}") = "Factory", "Factory\Factory.csproj", "{5B69818E-A5E6-4ADC-AAC0-FD28D1D49FFA}"
EndProject
Project("{9A19103F-16F7-4668-BE54-9A1E7A4F7556}") = "Facade", "Facade\Facade.csproj", "{2E4FFCD6-41BD-4F51-8A7D-F207AA99FE3B}"
EndProject
Project("{FAE04EC0-301F-11D3-BF4B-00C04F79EFBC}") = "Decorator", "Decorator\Decorator.csproj", "{D627311B-C6A4-4E51-A876-31668D053183}"
EndProject
Global
	GlobalSection(SolutionConfigurationPlatforms) = preSolution
		Debug|Any CPU = Debug|Any CPU
		Release|Any CPU = Release|Any CPU
	EndGlobalSection
	GlobalSection(ProjectConfigurationPlatforms) = postSolution
		{9104560E-117B-464C-824B-54A3B8B94C63}.Debug|Any CPU.ActiveCfg = Debug|Any CPU
		{9104560E-117B-464C-824B-54A3B8B94C63}.Debug|Any CPU.Build.0 = Debug|Any CPU
		{9104560E-117B-464C-824B-54A3B8B94C63}.Release|Any CPU.ActiveCfg = Release|Any CPU
		{9104560E-117B-464C-824B-54A3B8B94C63}.Release|Any CPU.Build.0 = Release|Any CPU
		{02259CE4-95DB-4CF2-97AD-0BC13804DC5E}.Debug|Any CPU.ActiveCfg = Debug|Any CPU
		{02259CE4-95DB-4CF2-97AD-0BC13804DC5E}.Debug|Any CPU.Build.0 = Debug|Any CPU
		{02259CE4-95DB-4CF2-97AD-0BC13804DC5E}.Release|Any CPU.ActiveCfg = Release|Any CPU
		{02259CE4-95DB-4CF2-97AD-0BC13804DC5E}.Release|Any CPU.Build.0 = Release|Any CPU
		{5B69818E-A5E6-4ADC-AAC0-FD28D1D49FFA}.Debug|Any CPU.ActiveCfg = Debug|Any CPU
		{5B69818E-A5E6-4ADC-AAC0-FD28D1D49FFA}.Debug|Any CPU.Build.0 = Debug|Any CPU
		{5B69818E-A5E6-4ADC-AAC0-FD28D1D49FFA}.Release|Any CPU.ActiveCfg = Release|Any CPU
		{5B69818E-A5E6-4ADC-AAC0-FD28D1D49FFA}.Release|Any CPU.Build.0 = Release|Any CPU
		{2E4FFCD6-41BD-4F51-8A7D-F207AA99FE3B}.Debug|Any CPU.ActiveCfg = Debug|Any CPU
		{2E4FFCD6-41BD-4F51-8A7D-F207AA99FE3B}.Debug|Any CPU.Build.0 = Debug|Any CPU
		{2E4FFCD6-41BD-4F51-8A7D-F207AA99FE3B}.Release|Any CPU.ActiveCfg = Release|Any CPU
		{2E4FFCD6-41BD-4F51-8A7D-F207AA99FE3B}.Release|Any CPU.Build.0 = Release|Any CPU
		{D627311B-C6A4-4E51-A876-31668D053183}.Debug|Any CPU.ActiveCfg = Debug|Any CPU
		{D627311B-C6A4-4E51-A876-31668D053183}.Debug|Any CPU.Build.0 = Debug|Any CPU
		{D627311B-C6A4-4E51-A876-31668D053183}.Release|Any CPU.ActiveCfg = Release|Any CPU
		{D627311B-C6A4-4E51-A876-31668D053183}.Release|Any CPU.Build.0 = Release|Any CPU
	EndGlobalSection
	GlobalSection(SolutionProperties) = preSolution
		HideSolutionNode = FALSE
	EndGlobalSection
	GlobalSection(ExtensibilityGlobals) = postSolution
		SolutionGuid = {AD6AFFDA-1F69-4E12-AAB3-26D123534BAA}
	EndGlobalSection
EndGlobal
