
Microsoft Visual Studio Solution File, Format Version 12.00
# Visual Studio Version 16
VisualStudioVersion = 16.0.30204.135
MinimumVisualStudioVersion = 10.0.40219.1
Project("{9A19103F-16F7-4668-BE54-9A1E7A4F7556}") = "Mediator", "Mediator\Mediator.csproj", "{9104560E-117B-464C-824B-54A3B8B94C63}"
EndProject
Project("{9A19103F-16F7-4668-BE54-9A1E7A4F7556}") = "Strategy", "Strategy\Strategy.csproj", "{02259CE4-95DB-4CF2-97AD-0BC13804DC5E}"
EndProject
Project("{9A19103F-16F7-4668-BE54-9A1E7A4F7556}") = "Factory", "Factory\Factory.csproj", "{5B69818E-A5E6-4ADC-AAC0-FD28D1D49FFA}"
EndProject
Project("{9A19103F-16F7-4668-BE54-9A1E7A4F7556}") = "Facade", "Facade\Facade.csproj", "{2E4FFCD6-41BD-4F51-8A7D-F207AA99FE3B}"
EndProject
Project("{9A19103F-16F7-4668-BE54-9A1E7A4F7556}") = "Decorator", "Decorator\Decorator.csproj", "{D627311B-C6A4-4E51-A876-31668D053183}"
EndProject
Project("{9A19103F-16F7-4668-BE54-9A1E7A4F7556}") = "Visitor", "Visitor\Visitor.csproj", "{CAD2720C-53B2-4614-990D-B95E453CEF5C}"
EndProject
Project("{2150E333-8FDC-42A3-9474-1A3956D46DE8}") = "main.csharp.desingPatterens", "main.csharp.desingPatterens", "{10A4CF49-EAF3-457D-8859-A7F3367D79DD}"
EndProject
Project("{2150E333-8FDC-42A3-9474-1A3956D46DE8}") = "Behavioural", "Behavioural", "{D03989FB-816C-421C-BA36-D211C4717D32}"
EndProject
Project("{2150E333-8FDC-42A3-9474-1A3956D46DE8}") = "Creational", "Creational", "{3C6AC4E4-30ED-49F1-8909-A03A7FD5CF49}"
EndProject
Project("{2150E333-8FDC-42A3-9474-1A3956D46DE8}") = "Structural", "Structural", "{8E57C773-9752-4276-8670-9F91DEF106D9}"
EndProject
Project("{9A19103F-16F7-4668-BE54-9A1E7A4F7556}") = "Prototype", "Prototype\Prototype.csproj", "{C4C2EA1F-F39A-45B4-8A06-BDE2B6BCFCAE}"
EndProject
Project("{9A19103F-16F7-4668-BE54-9A1E7A4F7556}") = "Interpreter", "Interpreter\Interpreter.csproj", "{62CE3790-761C-4526-A1C1-F43F084D4DA2}"
EndProject
Project("{2150E333-8FDC-42A3-9474-1A3956D46DE8}") = "Builder", "Builder", "{9E582E54-1DCC-404B-B44A-7B2209D5EE13}"
EndProject
Project("{9A19103F-16F7-4668-BE54-9A1E7A4F7556}") = "Builder1", "Builder1\Builder1.csproj", "{BECFB6AC-53A7-4AA1-9511-BC2387367295}"
EndProject
Project("{9A19103F-16F7-4668-BE54-9A1E7A4F7556}") = "Builder2", "Builder2\Builder2.csproj", "{3E733B82-C9B8-4E53-93B3-B8E02BF45586}"
EndProject
Project("{9A19103F-16F7-4668-BE54-9A1E7A4F7556}") = "Builder3", "Builder3\Builder3.csproj", "{72587067-211D-4F0C-854A-6C7F1F2940CB}"
EndProject
Project("{9A19103F-16F7-4668-BE54-9A1E7A4F7556}") = "Composite", "Composite\Composite.csproj", "{4A491551-E844-411F-BC89-B252781BFC63}"
EndProject
Project("{9A19103F-16F7-4668-BE54-9A1E7A4F7556}") = "Command", "Command\Command.csproj", "{B3A1F861-9F73-45F1-BDDC-8A6647EF7F0B}"
EndProject
Project("{9A19103F-16F7-4668-BE54-9A1E7A4F7556}") = "Chain", "Chain\Chain.csproj", "{DF1CE004-F31B-49F8-A301-1F33EF9DB319}"
EndProject
Project("{FAE04EC0-301F-11D3-BF4B-00C04F79EFBC}") = "Observer", "Observer\Observer.csproj", "{F2CAFA7A-B77A-4E76-976B-4E47A504CE12}"
EndProject
Project("{FAE04EC0-301F-11D3-BF4B-00C04F79EFBC}") = "Bridge", "Bridge\Bridge.csproj", "{1EF90F0F-6B52-4784-BDAC-7C8240065254}"
EndProject
Project("{FAE04EC0-301F-11D3-BF4B-00C04F79EFBC}") = "Proxy", "Proxy\Proxy.csproj", "{83D07DF0-7C43-4272-906A-4DFE2CC3DC5F}"
EndProject
Global
	GlobalSection(SolutionConfigurationPlatforms) = preSolution
		Debug|Any CPU = Debug|Any CPU
		Release|Any CPU = Release|Any CPU
	EndGlobalSection
	GlobalSection(ProjectConfigurationPlatforms) = postSolution
		{9104560E-117B-464C-824B-54A3B8B94C63}.Debug|Any CPU.ActiveCfg = Debug|Any CPU
		{9104560E-117B-464C-824B-54A3B8B94C63}.Debug|Any CPU.Build.0 = Debug|Any CPU
		{9104560E-117B-464C-824B-54A3B8B94C63}.Release|Any CPU.ActiveCfg = Release|Any CPU
		{9104560E-117B-464C-824B-54A3B8B94C63}.Release|Any CPU.Build.0 = Release|Any CPU
		{02259CE4-95DB-4CF2-97AD-0BC13804DC5E}.Debug|Any CPU.ActiveCfg = Debug|Any CPU
		{02259CE4-95DB-4CF2-97AD-0BC13804DC5E}.Debug|Any CPU.Build.0 = Debug|Any CPU
		{02259CE4-95DB-4CF2-97AD-0BC13804DC5E}.Release|Any CPU.ActiveCfg = Release|Any CPU
		{02259CE4-95DB-4CF2-97AD-0BC13804DC5E}.Release|Any CPU.Build.0 = Release|Any CPU
		{5B69818E-A5E6-4ADC-AAC0-FD28D1D49FFA}.Debug|Any CPU.ActiveCfg = Debug|Any CPU
		{5B69818E-A5E6-4ADC-AAC0-FD28D1D49FFA}.Debug|Any CPU.Build.0 = Debug|Any CPU
		{5B69818E-A5E6-4ADC-AAC0-FD28D1D49FFA}.Release|Any CPU.ActiveCfg = Release|Any CPU
		{5B69818E-A5E6-4ADC-AAC0-FD28D1D49FFA}.Release|Any CPU.Build.0 = Release|Any CPU
		{2E4FFCD6-41BD-4F51-8A7D-F207AA99FE3B}.Debug|Any CPU.ActiveCfg = Debug|Any CPU
		{2E4FFCD6-41BD-4F51-8A7D-F207AA99FE3B}.Debug|Any CPU.Build.0 = Debug|Any CPU
		{2E4FFCD6-41BD-4F51-8A7D-F207AA99FE3B}.Release|Any CPU.ActiveCfg = Release|Any CPU
		{2E4FFCD6-41BD-4F51-8A7D-F207AA99FE3B}.Release|Any CPU.Build.0 = Release|Any CPU
		{D627311B-C6A4-4E51-A876-31668D053183}.Debug|Any CPU.ActiveCfg = Debug|Any CPU
		{D627311B-C6A4-4E51-A876-31668D053183}.Debug|Any CPU.Build.0 = Debug|Any CPU
		{D627311B-C6A4-4E51-A876-31668D053183}.Release|Any CPU.ActiveCfg = Release|Any CPU
		{D627311B-C6A4-4E51-A876-31668D053183}.Release|Any CPU.Build.0 = Release|Any CPU
		{CAD2720C-53B2-4614-990D-B95E453CEF5C}.Debug|Any CPU.ActiveCfg = Debug|Any CPU
		{CAD2720C-53B2-4614-990D-B95E453CEF5C}.Debug|Any CPU.Build.0 = Debug|Any CPU
		{CAD2720C-53B2-4614-990D-B95E453CEF5C}.Release|Any CPU.ActiveCfg = Release|Any CPU
		{CAD2720C-53B2-4614-990D-B95E453CEF5C}.Release|Any CPU.Build.0 = Release|Any CPU
		{C4C2EA1F-F39A-45B4-8A06-BDE2B6BCFCAE}.Debug|Any CPU.ActiveCfg = Debug|Any CPU
		{C4C2EA1F-F39A-45B4-8A06-BDE2B6BCFCAE}.Debug|Any CPU.Build.0 = Debug|Any CPU
		{C4C2EA1F-F39A-45B4-8A06-BDE2B6BCFCAE}.Release|Any CPU.ActiveCfg = Release|Any CPU
		{C4C2EA1F-F39A-45B4-8A06-BDE2B6BCFCAE}.Release|Any CPU.Build.0 = Release|Any CPU
		{62CE3790-761C-4526-A1C1-F43F084D4DA2}.Debug|Any CPU.ActiveCfg = Debug|Any CPU
		{62CE3790-761C-4526-A1C1-F43F084D4DA2}.Debug|Any CPU.Build.0 = Debug|Any CPU
		{62CE3790-761C-4526-A1C1-F43F084D4DA2}.Release|Any CPU.ActiveCfg = Release|Any CPU
		{62CE3790-761C-4526-A1C1-F43F084D4DA2}.Release|Any CPU.Build.0 = Release|Any CPU
		{BECFB6AC-53A7-4AA1-9511-BC2387367295}.Debug|Any CPU.ActiveCfg = Debug|Any CPU
		{BECFB6AC-53A7-4AA1-9511-BC2387367295}.Debug|Any CPU.Build.0 = Debug|Any CPU
		{BECFB6AC-53A7-4AA1-9511-BC2387367295}.Release|Any CPU.ActiveCfg = Release|Any CPU
		{BECFB6AC-53A7-4AA1-9511-BC2387367295}.Release|Any CPU.Build.0 = Release|Any CPU
		{3E733B82-C9B8-4E53-93B3-B8E02BF45586}.Debug|Any CPU.ActiveCfg = Debug|Any CPU
		{3E733B82-C9B8-4E53-93B3-B8E02BF45586}.Debug|Any CPU.Build.0 = Debug|Any CPU
		{3E733B82-C9B8-4E53-93B3-B8E02BF45586}.Release|Any CPU.ActiveCfg = Release|Any CPU
		{3E733B82-C9B8-4E53-93B3-B8E02BF45586}.Release|Any CPU.Build.0 = Release|Any CPU
		{72587067-211D-4F0C-854A-6C7F1F2940CB}.Debug|Any CPU.ActiveCfg = Debug|Any CPU
		{72587067-211D-4F0C-854A-6C7F1F2940CB}.Debug|Any CPU.Build.0 = Debug|Any CPU
		{72587067-211D-4F0C-854A-6C7F1F2940CB}.Release|Any CPU.ActiveCfg = Release|Any CPU
		{72587067-211D-4F0C-854A-6C7F1F2940CB}.Release|Any CPU.Build.0 = Release|Any CPU
		{4A491551-E844-411F-BC89-B252781BFC63}.Debug|Any CPU.ActiveCfg = Debug|Any CPU
		{4A491551-E844-411F-BC89-B252781BFC63}.Debug|Any CPU.Build.0 = Debug|Any CPU
		{4A491551-E844-411F-BC89-B252781BFC63}.Release|Any CPU.ActiveCfg = Release|Any CPU
		{4A491551-E844-411F-BC89-B252781BFC63}.Release|Any CPU.Build.0 = Release|Any CPU
		{B3A1F861-9F73-45F1-BDDC-8A6647EF7F0B}.Debug|Any CPU.ActiveCfg = Debug|Any CPU
		{B3A1F861-9F73-45F1-BDDC-8A6647EF7F0B}.Debug|Any CPU.Build.0 = Debug|Any CPU
		{B3A1F861-9F73-45F1-BDDC-8A6647EF7F0B}.Release|Any CPU.ActiveCfg = Release|Any CPU
		{B3A1F861-9F73-45F1-BDDC-8A6647EF7F0B}.Release|Any CPU.Build.0 = Release|Any CPU
		{DF1CE004-F31B-49F8-A301-1F33EF9DB319}.Debug|Any CPU.ActiveCfg = Debug|Any CPU
		{DF1CE004-F31B-49F8-A301-1F33EF9DB319}.Debug|Any CPU.Build.0 = Debug|Any CPU
		{DF1CE004-F31B-49F8-A301-1F33EF9DB319}.Release|Any CPU.ActiveCfg = Release|Any CPU
		{DF1CE004-F31B-49F8-A301-1F33EF9DB319}.Release|Any CPU.Build.0 = Release|Any CPU
		{F2CAFA7A-B77A-4E76-976B-4E47A504CE12}.Debug|Any CPU.ActiveCfg = Debug|Any CPU
		{F2CAFA7A-B77A-4E76-976B-4E47A504CE12}.Debug|Any CPU.Build.0 = Debug|Any CPU
		{F2CAFA7A-B77A-4E76-976B-4E47A504CE12}.Release|Any CPU.ActiveCfg = Release|Any CPU
		{F2CAFA7A-B77A-4E76-976B-4E47A504CE12}.Release|Any CPU.Build.0 = Release|Any CPU
		{1EF90F0F-6B52-4784-BDAC-7C8240065254}.Debug|Any CPU.ActiveCfg = Debug|Any CPU
		{1EF90F0F-6B52-4784-BDAC-7C8240065254}.Debug|Any CPU.Build.0 = Debug|Any CPU
		{1EF90F0F-6B52-4784-BDAC-7C8240065254}.Release|Any CPU.ActiveCfg = Release|Any CPU
		{1EF90F0F-6B52-4784-BDAC-7C8240065254}.Release|Any CPU.Build.0 = Release|Any CPU
		{83D07DF0-7C43-4272-906A-4DFE2CC3DC5F}.Debug|Any CPU.ActiveCfg = Debug|Any CPU
		{83D07DF0-7C43-4272-906A-4DFE2CC3DC5F}.Debug|Any CPU.Build.0 = Debug|Any CPU
		{83D07DF0-7C43-4272-906A-4DFE2CC3DC5F}.Release|Any CPU.ActiveCfg = Release|Any CPU
		{83D07DF0-7C43-4272-906A-4DFE2CC3DC5F}.Release|Any CPU.Build.0 = Release|Any CPU
	EndGlobalSection
	GlobalSection(SolutionProperties) = preSolution
		HideSolutionNode = FALSE
	EndGlobalSection
	GlobalSection(NestedProjects) = preSolution
		{9104560E-117B-464C-824B-54A3B8B94C63} = {D03989FB-816C-421C-BA36-D211C4717D32}
		{02259CE4-95DB-4CF2-97AD-0BC13804DC5E} = {D03989FB-816C-421C-BA36-D211C4717D32}
		{5B69818E-A5E6-4ADC-AAC0-FD28D1D49FFA} = {3C6AC4E4-30ED-49F1-8909-A03A7FD5CF49}
		{2E4FFCD6-41BD-4F51-8A7D-F207AA99FE3B} = {8E57C773-9752-4276-8670-9F91DEF106D9}
		{D627311B-C6A4-4E51-A876-31668D053183} = {8E57C773-9752-4276-8670-9F91DEF106D9}
		{CAD2720C-53B2-4614-990D-B95E453CEF5C} = {D03989FB-816C-421C-BA36-D211C4717D32}
		{D03989FB-816C-421C-BA36-D211C4717D32} = {10A4CF49-EAF3-457D-8859-A7F3367D79DD}
		{3C6AC4E4-30ED-49F1-8909-A03A7FD5CF49} = {10A4CF49-EAF3-457D-8859-A7F3367D79DD}
		{8E57C773-9752-4276-8670-9F91DEF106D9} = {10A4CF49-EAF3-457D-8859-A7F3367D79DD}
		{C4C2EA1F-F39A-45B4-8A06-BDE2B6BCFCAE} = {3C6AC4E4-30ED-49F1-8909-A03A7FD5CF49}
		{62CE3790-761C-4526-A1C1-F43F084D4DA2} = {D03989FB-816C-421C-BA36-D211C4717D32}
		{9E582E54-1DCC-404B-B44A-7B2209D5EE13} = {8E57C773-9752-4276-8670-9F91DEF106D9}
		{BECFB6AC-53A7-4AA1-9511-BC2387367295} = {9E582E54-1DCC-404B-B44A-7B2209D5EE13}
		{3E733B82-C9B8-4E53-93B3-B8E02BF45586} = {9E582E54-1DCC-404B-B44A-7B2209D5EE13}
		{72587067-211D-4F0C-854A-6C7F1F2940CB} = {9E582E54-1DCC-404B-B44A-7B2209D5EE13}
		{4A491551-E844-411F-BC89-B252781BFC63} = {8E57C773-9752-4276-8670-9F91DEF106D9}
		{B3A1F861-9F73-45F1-BDDC-8A6647EF7F0B} = {D03989FB-816C-421C-BA36-D211C4717D32}
		{DF1CE004-F31B-49F8-A301-1F33EF9DB319} = {D03989FB-816C-421C-BA36-D211C4717D32}
		{F2CAFA7A-B77A-4E76-976B-4E47A504CE12} = {D03989FB-816C-421C-BA36-D211C4717D32}
		{1EF90F0F-6B52-4784-BDAC-7C8240065254} = {8E57C773-9752-4276-8670-9F91DEF106D9}
		{83D07DF0-7C43-4272-906A-4DFE2CC3DC5F} = {8E57C773-9752-4276-8670-9F91DEF106D9}
	EndGlobalSection
	GlobalSection(ExtensibilityGlobals) = postSolution
		SolutionGuid = {AD6AFFDA-1F69-4E12-AAB3-26D123534BAA}
	EndGlobalSection
EndGlobal
